
Microsoft Visual Studio Solution File, Format Version 12.00
# Visual Studio Version 18
VisualStudioVersion = 18.4.11626.88 stable
MinimumVisualStudioVersion = 10.0.40219.1
Project("{FAE04EC0-301F-11D3-BF4B-00C04F79EFBC}") = "AI_Assistant_Project", "AI_Assistant_Project\AI_Assistant_Project.csproj", "{628495FD-F02E-41BB-8E2F-5A9E82FD4728}"
EndProject
Project("{FAE04EC0-301F-11D3-BF4B-00C04F79EFBC}") = "Domain", "Domain\Domain.csproj", "{3690FF1D-852E-4289-946B-E28E06652880}"
EndProject
Project("{FAE04EC0-301F-11D3-BF4B-00C04F79EFBC}") = "DAL", "DAL\DAL.csproj", "{3F5A8C9F-B5E4-4F41-9755-C34B0BB67541}"
EndProject
Project("{FAE04EC0-301F-11D3-BF4B-00C04F79EFBC}") = "BLL", "BLL\BLL.csproj", "{B6585935-519F-4169-B19F-B0AD86533F4B}"
EndProject
Global
	GlobalSection(SolutionConfigurationPlatforms) = preSolution
		Debug|Any CPU = Debug|Any CPU
		Release|Any CPU = Release|Any CPU
	EndGlobalSection
	GlobalSection(ProjectConfigurationPlatforms) = postSolution
		{628495FD-F02E-41BB-8E2F-5A9E82FD4728}.Debug|Any CPU.ActiveCfg = Debug|Any CPU
		{628495FD-F02E-41BB-8E2F-5A9E82FD4728}.Debug|Any CPU.Build.0 = Debug|Any CPU
		{628495FD-F02E-41BB-8E2F-5A9E82FD4728}.Release|Any CPU.ActiveCfg = Release|Any CPU
		{628495FD-F02E-41BB-8E2F-5A9E82FD4728}.Release|Any CPU.Build.0 = Release|Any CPU
		{3690FF1D-852E-4289-946B-E28E06652880}.Debug|Any CPU.ActiveCfg = Debug|Any CPU
		{3690FF1D-852E-4289-946B-E28E06652880}.Debug|Any CPU.Build.0 = Debug|Any CPU
		{3690FF1D-852E-4289-946B-E28E06652880}.Release|Any CPU.ActiveCfg = Release|Any CPU
		{3690FF1D-852E-4289-946B-E28E06652880}.Release|Any CPU.Build.0 = Release|Any CPU
		{3F5A8C9F-B5E4-4F41-9755-C34B0BB67541}.Debug|Any CPU.ActiveCfg = Debug|Any CPU
		{3F5A8C9F-B5E4-4F41-9755-C34B0BB67541}.Debug|Any CPU.Build.0 = Debug|Any CPU
		{3F5A8C9F-B5E4-4F41-9755-C34B0BB67541}.Release|Any CPU.ActiveCfg = Release|Any CPU
		{3F5A8C9F-B5E4-4F41-9755-C34B0BB67541}.Release|Any CPU.Build.0 = Release|Any CPU
		{B6585935-519F-4169-B19F-B0AD86533F4B}.Debug|Any CPU.ActiveCfg = Debug|Any CPU
		{B6585935-519F-4169-B19F-B0AD86533F4B}.Debug|Any CPU.Build.0 = Debug|Any CPU
		{B6585935-519F-4169-B19F-B0AD86533F4B}.Release|Any CPU.ActiveCfg = Release|Any CPU
		{B6585935-519F-4169-B19F-B0AD86533F4B}.Release|Any CPU.Build.0 = Release|Any CPU
	EndGlobalSection
	GlobalSection(SolutionProperties) = preSolution
		HideSolutionNode = FALSE
	EndGlobalSection
	GlobalSection(ExtensibilityGlobals) = postSolution
		SolutionGuid = {45805D3A-5F43-4C9D-A74F-407F89A06846}
	EndGlobalSection
EndGlobal
